
Microsoft Visual Studio Solution File, Format Version 12.00
# Visual Studio Version 16
VisualStudioVersion = 16.0.28803.452
MinimumVisualStudioVersion = 10.0.40219.1
Project("{FAE04EC0-301F-11D3-BF4B-00C04F79EFBC}") = "UNO_Server", "UNO_Game\UNO_Server.csproj", "{6B843A0E-90CD-41CF-ADDE-79156FCC53D1}"
EndProject
Project("{FAE04EC0-301F-11D3-BF4B-00C04F79EFBC}") = "UNO_Client", "UNO_Client\UNO_Client.csproj", "{238AE429-D881-488A-8123-3286B2BC32D6}"
EndProject
Global
	GlobalSection(SolutionConfigurationPlatforms) = preSolution
		Debug|Any CPU = Debug|Any CPU
		Release|Any CPU = Release|Any CPU
	EndGlobalSection
	GlobalSection(ProjectConfigurationPlatforms) = postSolution
		{6B843A0E-90CD-41CF-ADDE-79156FCC53D1}.Debug|Any CPU.ActiveCfg = Debug|Any CPU
		{6B843A0E-90CD-41CF-ADDE-79156FCC53D1}.Debug|Any CPU.Build.0 = Debug|Any CPU
		{6B843A0E-90CD-41CF-ADDE-79156FCC53D1}.Release|Any CPU.ActiveCfg = Release|Any CPU
		{6B843A0E-90CD-41CF-ADDE-79156FCC53D1}.Release|Any CPU.Build.0 = Release|Any CPU
		{238AE429-D881-488A-8123-3286B2BC32D6}.Debug|Any CPU.ActiveCfg = Debug|Any CPU
		{238AE429-D881-488A-8123-3286B2BC32D6}.Debug|Any CPU.Build.0 = Debug|Any CPU
		{238AE429-D881-488A-8123-3286B2BC32D6}.Release|Any CPU.ActiveCfg = Release|Any CPU
		{238AE429-D881-488A-8123-3286B2BC32D6}.Release|Any CPU.Build.0 = Release|Any CPU
	EndGlobalSection
	GlobalSection(SolutionProperties) = preSolution
		HideSolutionNode = FALSE
	EndGlobalSection
	GlobalSection(ExtensibilityGlobals) = postSolution
		SolutionGuid = {044B3309-E197-4496-B13A-46E171F90B21}
	EndGlobalSection
EndGlobal
